// !$*UTF8*$!
{
	archiveVersion = 1;
	classes = {
	};
	objectVersion = 46;
	objects = {

/* Begin PBXBuildFile section */
		4178D3EB1EF4BEF8005F012E /* AppDelegate.swift in Sources */ = {isa = PBXBuildFile; fileRef = 4178D3EA1EF4BEF8005F012E /* AppDelegate.swift */; };
		4178D3ED1EF4BEF8005F012E /* ViewController.swift in Sources */ = {isa = PBXBuildFile; fileRef = 4178D3EC1EF4BEF8005F012E /* ViewController.swift */; };
		4178D3F01EF4BEF8005F012E /* Main.storyboard in Resources */ = {isa = PBXBuildFile; fileRef = 4178D3EE1EF4BEF8005F012E /* Main.storyboard */; };
		4178D3F21EF4BEF8005F012E /* Assets.xcassets in Resources */ = {isa = PBXBuildFile; fileRef = 4178D3F11EF4BEF8005F012E /* Assets.xcassets */; };
		4178D3F51EF4BEF8005F012E /* LaunchScreen.storyboard in Resources */ = {isa = PBXBuildFile; fileRef = 4178D3F31EF4BEF8005F012E /* LaunchScreen.storyboard */; };
/* End PBXBuildFile section */

/* Begin PBXFileReference section */
		4178D3E71EF4BEF8005F012E /* Swift App.app */ = {isa = PBXFileReference; explicitFileType = wrapper.application; includeInIndex = 0; path = "Swift App.app"; sourceTree = BUILT_PRODUCTS_DIR; };
		4178D3EA1EF4BEF8005F012E /* AppDelegate.swift */ = {isa = PBXFileReference; lastKnownFileType = sourcecode.swift; path = AppDelegate.swift; sourceTree = "<group>"; };
		4178D3EC1EF4BEF8005F012E /* ViewController.swift */ = {isa = PBXFileReference; lastKnownFileType = sourcecode.swift; path = ViewController.swift; sourceTree = "<group>"; };
		4178D3EF1EF4BEF8005F012E /* Base */ = {isa = PBXFileReference; lastKnownFileType = file.storyboard; name = Base; path = Base.lproj/Main.storyboard; sourceTree = "<group>"; };
		4178D3F11EF4BEF8005F012E /* Assets.xcassets */ = {isa = PBXFileReference; lastKnownFileType = folder.assetcatalog; path = Assets.xcassets; sourceTree = "<group>"; };
		4178D3F41EF4BEF8005F012E /* Base */ = {isa = PBXFileReference; lastKnownFileType = file.storyboard; name = Base; path = Base.lproj/LaunchScreen.storyboard; sourceTree = "<group>"; };
		4178D3F61EF4BEF8005F012E /* Info.plist */ = {isa = PBXFileReference; lastKnownFileType = text.plist.xml; path = Info.plist; sourceTree = "<group>"; };
/* End PBXFileReference section */

/* Begin PBXFrameworksBuildPhase section */
		4178D3E41EF4BEF8005F012E /* Frameworks */ = {
			isa = PBXFrameworksBuildPhase;
			buildActionMask = 2147483647;
			files = (
			);
			runOnlyForDeploymentPostprocessing = 0;
		};
/* End PBXFrameworksBuildPhase section */

/* Begin PBXGroup section */
		4178D3DE1EF4BEF8005F012E = {
			isa = PBXGroup;
			children = (
				4178D3E91EF4BEF8005F012E /* Swift App */,
				4178D3E81EF4BEF8005F012E /* Products */,
			);
			sourceTree = "<group>";
		};
		4178D3E81EF4BEF8005F012E /* Products */ = {
			isa = PBXGroup;
			children = (
				4178D3E71EF4BEF8005F012E /* Swift App.app */,
			);
			name = Products;
			sourceTree = "<group>";
		};
		4178D3E91EF4BEF8005F012E /* Swift App */ = {
			isa = PBXGroup;
			children = (
				4178D3EA1EF4BEF8005F012E /* AppDelegate.swift */,
				4178D3EC1EF4BEF8005F012E /* ViewController.swift */,
				4178D3EE1EF4BEF8005F012E /* Main.storyboard */,
				4178D3F11EF4BEF8005F012E /* Assets.xcassets */,
				4178D3F31EF4BEF8005F012E /* LaunchScreen.storyboard */,
				4178D3F61EF4BEF8005F012E /* Info.plist */,
			);
			path = "Swift App";
			sourceTree = "<group>";
		};
/* End PBXGroup section */

/* Begin PBXNativeTarget section */
		4178D3E61EF4BEF8005F012E /* Swift App */ = {
			isa = PBXNativeTarget;
			buildConfigurationList = 4178D3F91EF4BEF8005F012E /* Build configuration list for PBXNativeTarget "Swift App" */;
			buildPhases = (
				4178D3E31EF4BEF8005F012E /* Sources */,
				4178D3E41EF4BEF8005F012E /* Frameworks */,
				4178D3E51EF4BEF8005F012E /* Resources */,
			);
			buildRules = (
			);
			dependencies = (
			);
			name = "Swift App";
			productName = "Swift App";
			productReference = 4178D3E71EF4BEF8005F012E /* Swift App.app */;
			productType = "com.apple.product-type.application";
		};
/* End PBXNativeTarget section */

/* Begin PBXProject section */
		4178D3DF1EF4BEF8005F012E /* Project object */ = {
			isa = PBXProject;
			attributes = {
				LastSwiftUpdateCheck = 0830;
				LastUpgradeCheck = 0830;
				ORGANIZATIONNAME = "Ravi Kumar Venuturupalli";
				TargetAttributes = {
					4178D3E61EF4BEF8005F012E = {
						CreatedOnToolsVersion = 8.3.3;
						DevelopmentTeam = 52SRVZM9XB;
						ProvisioningStyle = Automatic;
					};
				};
			};
			buildConfigurationList = 4178D3E21EF4BEF8005F012E /* Build configuration list for PBXProject "Swift App" */;
			compatibilityVersion = "Xcode 3.2";
			developmentRegion = English;
			hasScannedForEncodings = 0;
			knownRegions = (
				en,
				Base,
			);
			mainGroup = 4178D3DE1EF4BEF8005F012E;
			productRefGroup = 4178D3E81EF4BEF8005F012E /* Products */;
			projectDirPath = "";
			projectRoot = "";
			targets = (
				4178D3E61EF4BEF8005F012E /* Swift App */,
			);
		};
/* End PBXProject section */

/* Begin PBXResourcesBuildPhase section */
		4178D3E51EF4BEF8005F012E /* Resources */ = {
			isa = PBXResourcesBuildPhase;
			buildActionMask = 2147483647;
			files = (
				4178D3F51EF4BEF8005F012E /* LaunchScreen.storyboard in Resources */,
				4178D3F21EF4BEF8005F012E /* Assets.xcassets in Resources */,
				4178D3F01EF4BEF8005F012E /* Main.storyboard in Resources */,
			);
			runOnlyForDeploymentPostprocessing = 0;
		};
/* End PBXResourcesBuildPhase section */

/* Begin PBXSourcesBuildPhase section */
		4178D3E31EF4BEF8005F012E /* Sources */ = {
			isa = PBXSourcesBuildPhase;
			buildActionMask = 2147483647;
			files = (
				4178D3ED1EF4BEF8005F012E /* ViewController.swift in Sources */,
				4178D3EB1EF4BEF8005F012E /* AppDelegate.swift in Sources */,
			);
			runOnlyForDeploymentPostprocessing = 0;
		};
/* End PBXSourcesBuildPhase section */

/* Begin PBXVariantGroup section */
		4178D3EE1EF4BEF8005F012E /* Main.storyboard */ = {
			isa = PBXVariantGroup;
			children = (
				4178D3EF1EF4BEF8005F012E /* Base */,
			);
			name = Main.storyboard;
			sourceTree = "<group>";
		};
		4178D3F31EF4BEF8005F012E /* LaunchScreen.storyboard */ = {
			isa = PBXVariantGroup;
			children = (
				4178D3F41EF4BEF8005F012E /* Base */,
			);
			name = LaunchScreen.storyboard;
			sourceTree = "<group>";
		};
/* End PBXVariantGroup section */

/* Begin XCBuildConfiguration section */
		4178D3F71EF4BEF8005F012E /* Debug */ = {
			isa = XCBuildConfiguration;
			buildSettings = {
				ALWAYS_SEARCH_USER_PATHS = NO;
				CLANG_ANALYZER_NONNULL = YES;
				CLANG_ANALYZER_NUMBER_OBJECT_CONVERSION = YES_AGGRESSIVE;
				CLANG_CXX_LANGUAGE_STANDARD = "gnu++0x";
				CLANG_CXX_LIBRARY = "libc++";
				CLANG_ENABLE_MODULES = YES;
				CLANG_ENABLE_OBJC_ARC = YES;
				CLANG_WARN_BOOL_CONVERSION = YES;
				CLANG_WARN_CONSTANT_CONVERSION = YES;
				CLANG_WARN_DIRECT_OBJC_ISA_USAGE = YES_ERROR;
				CLANG_WARN_DOCUMENTATION_COMMENTS = YES;
				CLANG_WARN_EMPTY_BODY = YES;
				CLANG_WARN_ENUM_CONVERSION = YES;
				CLANG_WARN_INFINITE_RECURSION = YES;
				CLANG_WARN_INT_CONVERSION = YES;
				CLANG_WARN_OBJC_ROOT_CLASS = YES_ERROR;
				CLANG_WARN_SUSPICIOUS_MOVE = YES;
				CLANG_WARN_UNREACHABLE_CODE = YES;
				CLANG_WARN__DUPLICATE_METHOD_MATCH = YES;
				"CODE_SIGN_IDENTITY[sdk=iphoneos*]" = "iPhone Developer";
				COPY_PHASE_STRIP = NO;
				DEBUG_INFORMATION_FORMAT = dwarf;
				ENABLE_STRICT_OBJC_MSGSEND = YES;
				ENABLE_TESTABILITY = YES;
				GCC_C_LANGUAGE_STANDARD = gnu99;
				GCC_DYNAMIC_NO_PIC = NO;
				GCC_NO_COMMON_BLOCKS = YES;
				GCC_OPTIMIZATION_LEVEL = 0;
				GCC_PREPROCESSOR_DEFINITIONS = (
					"DEBUG=1",
					"$(inherited)",
				);
				GCC_WARN_64_TO_32_BIT_CONVERSION = YES;
				GCC_WARN_ABOUT_RETURN_TYPE = YES_ERROR;
				GCC_WARN_UNDECLARED_SELECTOR = YES;
				GCC_WARN_UNINITIALIZED_AUTOS = YES_AGGRESSIVE;
				GCC_WARN_UNUSED_FUNCTION = YES;
				GCC_WARN_UNUSED_VARIABLE = YES;
				IPHONEOS_DEPLOYMENT_TARGET = 10.3;
				MTL_ENABLE_DEBUG_INFO = YES;
				ONLY_ACTIVE_ARCH = YES;
				SDKROOT = iphoneos;
				SWIFT_ACTIVE_COMPILATION_CONDITIONS = DEBUG;
				SWIFT_OPTIMIZATION_LEVEL = "-Onone";
				TARGETED_DEVICE_FAMILY = "1,2";
			};
			name = Debug;
		};
		4178D3F81EF4BEF8005F012E /* Release */ = {
			isa = XCBuildConfiguration;
			buildSettings = {
				ALWAYS_SEARCH_USER_PATHS = NO;
				CLANG_ANALYZER_NONNULL = YES;
				CLANG_ANALYZER_NUMBER_OBJECT_CONVERSION = YES_AGGRESSIVE;
				CLANG_CXX_LANGUAGE_STANDARD = "gnu++0x";
				CLANG_CXX_LIBRARY = "libc++";
				CLANG_ENABLE_MODULES = YES;
				CLANG_ENABLE_OBJC_ARC = YES;
				CLANG_WARN_BOOL_CONVERSION = YES;
				CLANG_WARN_CONSTANT_CONVERSION = YES;
				CLANG_WARN_DIRECT_OBJC_ISA_USAGE = YES_ERROR;
				CLANG_WARN_DOCUMENTATION_COMMENTS = YES;
				CLANG_WARN_EMPTY_BODY = YES;
				CLANG_WARN_ENUM_CONVERSION = YES;
				CLANG_WARN_INFINITE_RECURSION = YES;
				CLANG_WARN_INT_CONVERSION = YES;
				CLANG_WARN_OBJC_ROOT_CLASS = YES_ERROR;
				CLANG_WARN_SUSPICIOUS_MOVE = YES;
				CLANG_WARN_UNREACHABLE_CODE = YES;
				CLANG_WARN__DUPLICATE_METHOD_MATCH = YES;
				"CODE_SIGN_IDENTITY[sdk=iphoneos*]" = "iPhone Developer";
				COPY_PHASE_STRIP = NO;
				DEBUG_INFORMATION_FORMAT = "dwarf-with-dsym";
				ENABLE_NS_ASSERTIONS = NO;
				ENABLE_STRICT_OBJC_MSGSEND = YES;
				GCC_C_LANGUAGE_STANDARD = gnu99;
				GCC_NO_COMMON_BLOCKS = YES;
				GCC_WARN_64_TO_32_BIT_CONVERSION = YES;
				GCC_WARN_ABOUT_RETURN_TYPE = YES_ERROR;
				GCC_WARN_UNDECLARED_SELECTOR = YES;
				GCC_WARN_UNINITIALIZED_AUTOS = YES_AGGRESSIVE;
				GCC_WARN_UNUSED_FUNCTION = YES;
				GCC_WARN_UNUSED_VARIABLE = YES;
				IPHONEOS_DEPLOYMENT_TARGET = 10.3;
				MTL_ENABLE_DEBUG_INFO = NO;
				SDKROOT = iphoneos;
				SWIFT_OPTIMIZATION_LEVEL = "-Owholemodule";
				TARGETED_DEVICE_FAMILY = "1,2";
				VALIDATE_PRODUCT = YES;
			};
			name = Release;
		};
		4178D3FA1EF4BEF8005F012E /* Debug */ = {
			isa = XCBuildConfiguration;
			buildSettings = {
				ASSETCATALOG_COMPILER_APPICON_NAME = AppIcon;
				"CODE_SIGN_IDENTITY[sdk=iphoneos*]" = "iPhone Developer";
				DEVELOPMENT_TEAM = 52SRVZM9XB;
				INFOPLIST_FILE = "Swift App/Info.plist";
				LD_RUNPATH_SEARCH_PATHS = "$(inherited) @executable_path/Frameworks";
				PRODUCT_BUNDLE_IDENTIFIER = "com.ravikumar.Swift-App";
				PRODUCT_NAME = "$(TARGET_NAME)";
				PROVISIONING_PROFILE_SPECIFIER = "";
				SWIFT_VERSION = 3.0;
			};
			name = Debug;
		};
		4178D3FB1EF4BEF8005F012E /* Release */ = {
			isa = XCBuildConfiguration;
			buildSettings = {
				ASSETCATALOG_COMPILER_APPICON_NAME = AppIcon;
				"CODE_SIGN_IDENTITY[sdk=iphoneos*]" = "iPhone Developer";
				DEVELOPMENT_TEAM = 52SRVZM9XB;
				INFOPLIST_FILE = "Swift App/Info.plist";
				LD_RUNPATH_SEARCH_PATHS = "$(inherited) @executable_path/Frameworks";
				PRODUCT_BUNDLE_IDENTIFIER = "com.ravikumar.Swift-App";
				PRODUCT_NAME = "$(TARGET_NAME)";
				PROVISIONING_PROFILE_SPECIFIER = "";
				SWIFT_VERSION = 3.0;
			};
			name = Release;
		};
/* End XCBuildConfiguration section */

/* Begin XCConfigurationList section */
		4178D3E21EF4BEF8005F012E /* Build configuration list for PBXProject "Swift App" */ = {
			isa = XCConfigurationList;
			buildConfigurations = (
				4178D3F71EF4BEF8005F012E /* Debug */,
				4178D3F81EF4BEF8005F012E /* Release */,
			);
			defaultConfigurationIsVisible = 0;
			defaultConfigurationName = Release;
		};
		4178D3F91EF4BEF8005F012E /* Build configuration list for PBXNativeTarget "Swift App" */ = {
			isa = XCConfigurationList;
			buildConfigurations = (
				4178D3FA1EF4BEF8005F012E /* Debug */,
				4178D3FB1EF4BEF8005F012E /* Release */,
			);
			defaultConfigurationIsVisible = 0;
		};
/* End XCConfigurationList section */
	};
	rootObject = 4178D3DF1EF4BEF8005F012E /* Project object */;
}
